
Microsoft Visual Studio Solution File, Format Version 12.00
# Visual Studio Version 17
VisualStudioVersion = 17.8.34309.116
MinimumVisualStudioVersion = 10.0.40219.1
Project("{FAE04EC0-301F-11D3-BF4B-00C04F79EFBC}") = "Fantasy Pet Shop", "Fantasy Pet Shop\Fantasy Pet Shop.csproj", "{55230E28-3CFE-4106-BEC2-04F7BABEAA39}"
EndProject
Global
	GlobalSection(SolutionConfigurationPlatforms) = preSolution
		Debug|Any CPU = Debug|Any CPU
		Release|Any CPU = Release|Any CPU
	EndGlobalSection
	GlobalSection(ProjectConfigurationPlatforms) = postSolution
		{55230E28-3CFE-4106-BEC2-04F7BABEAA39}.Debug|Any CPU.ActiveCfg = Debug|Any CPU
		{55230E28-3CFE-4106-BEC2-04F7BABEAA39}.Debug|Any CPU.Build.0 = Debug|Any CPU
		{55230E28-3CFE-4106-BEC2-04F7BABEAA39}.Release|Any CPU.ActiveCfg = Release|Any CPU
		{55230E28-3CFE-4106-BEC2-04F7BABEAA39}.Release|Any CPU.Build.0 = Release|Any CPU
	EndGlobalSection
	GlobalSection(SolutionProperties) = preSolution
		HideSolutionNode = FALSE
	EndGlobalSection
	GlobalSection(ExtensibilityGlobals) = postSolution
		SolutionGuid = {14EDF701-B728-45CF-9992-07688E4D74C0}
	EndGlobalSection
EndGlobal
